# This file is automatically @generated by Cargo.
# It is not intended for manual editing.
version = 4

[[package]]
name = "pi-ai"
version = "0.84.1"
dependencies = [
 "pi-protocol",
 "pi-telemetry",
]

[[package]]
name = "pi-protocol"
version = "0.84.1"

[[package]]
name = "pi-telemetry"
version = "0.84.1"
